// !$*UTF8*$!
{
	archiveVersion = 1;
	classes = {
	};
	objectVersion = 46;
	objects = {

/* Begin PBXBuildFile section */
		93F62DFD1A433D91003A087A /* AppDelegate.swift in Sources */ = {isa = PBXBuildFile; fileRef = 93F62DFC1A433D91003A087A /* AppDelegate.swift */; };
		93F62DFF1A433D91003A087A /* Images.xcassets in Resources */ = {isa = PBXBuildFile; fileRef = 93F62DFE1A433D91003A087A /* Images.xcassets */; };
		93F62E021A433D91003A087A /* MainMenu.xib in Resources */ = {isa = PBXBuildFile; fileRef = 93F62E001A433D91003A087A /* MainMenu.xib */; };
		93F62E0E1A433D91003A087A /* ChinaMobilePhoneNumberRegexTests.swift in Sources */ = {isa = PBXBuildFile; fileRef = 93F62E0D1A433D91003A087A /* ChinaMobilePhoneNumberRegexTests.swift */; };
/* End PBXBuildFile section */

/* Begin PBXContainerItemProxy section */
		93F62E081A433D91003A087A /* PBXContainerItemProxy */ = {
			isa = PBXContainerItemProxy;
			containerPortal = 93F62DEF1A433D91003A087A /* Project object */;
			proxyType = 1;
			remoteGlobalIDString = 93F62DF61A433D91003A087A;
			remoteInfo = ChinaMobilePhoneNumberRegex;
		};
/* End PBXContainerItemProxy section */

/* Begin PBXFileReference section */
		93F62DF71A433D91003A087A /* ChinaMobilePhoneNumberRegex.app */ = {isa = PBXFileReference; explicitFileType = wrapper.application; includeInIndex = 0; path = ChinaMobilePhoneNumberRegex.app; sourceTree = BUILT_PRODUCTS_DIR; };
		93F62DFB1A433D91003A087A /* Info.plist */ = {isa = PBXFileReference; lastKnownFileType = text.plist.xml; path = Info.plist; sourceTree = "<group>"; };
		93F62DFC1A433D91003A087A /* AppDelegate.swift */ = {isa = PBXFileReference; lastKnownFileType = sourcecode.swift; path = AppDelegate.swift; sourceTree = "<group>"; };
		93F62DFE1A433D91003A087A /* Images.xcassets */ = {isa = PBXFileReference; lastKnownFileType = folder.assetcatalog; path = Images.xcassets; sourceTree = "<group>"; };
		93F62E011A433D91003A087A /* Base */ = {isa = PBXFileReference; lastKnownFileType = file.xib; name = Base; path = Base.lproj/MainMenu.xib; sourceTree = "<group>"; };
		93F62E071A433D91003A087A /* ChinaMobilePhoneNumberRegexTests.xctest */ = {isa = PBXFileReference; explicitFileType = wrapper.cfbundle; includeInIndex = 0; path = ChinaMobilePhoneNumberRegexTests.xctest; sourceTree = BUILT_PRODUCTS_DIR; };
		93F62E0C1A433D91003A087A /* Info.plist */ = {isa = PBXFileReference; lastKnownFileType = text.plist.xml; path = Info.plist; sourceTree = "<group>"; };
		93F62E0D1A433D91003A087A /* ChinaMobilePhoneNumberRegexTests.swift */ = {isa = PBXFileReference; lastKnownFileType = sourcecode.swift; path = ChinaMobilePhoneNumberRegexTests.swift; sourceTree = "<group>"; };
/* End PBXFileReference section */

/* Begin PBXFrameworksBuildPhase section */
		93F62DF41A433D91003A087A /* Frameworks */ = {
			isa = PBXFrameworksBuildPhase;
			buildActionMask = 2147483647;
			files = (
			);
			runOnlyForDeploymentPostprocessing = 0;
		};
		93F62E041A433D91003A087A /* Frameworks */ = {
			isa = PBXFrameworksBuildPhase;
			buildActionMask = 2147483647;
			files = (
			);
			runOnlyForDeploymentPostprocessing = 0;
		};
/* End PBXFrameworksBuildPhase section */

/* Begin PBXGroup section */
		93F62DEE1A433D91003A087A = {
			isa = PBXGroup;
			children = (
				93F62DF91A433D91003A087A /* ChinaMobilePhoneNumberRegex */,
				93F62E0A1A433D91003A087A /* ChinaMobilePhoneNumberRegexTests */,
				93F62DF81A433D91003A087A /* Products */,
			);
			sourceTree = "<group>";
		};
		93F62DF81A433D91003A087A /* Products */ = {
			isa = PBXGroup;
			children = (
				93F62DF71A433D91003A087A /* ChinaMobilePhoneNumberRegex.app */,
				93F62E071A433D91003A087A /* ChinaMobilePhoneNumberRegexTests.xctest */,
			);
			name = Products;
			sourceTree = "<group>";
		};
		93F62DF91A433D91003A087A /* ChinaMobilePhoneNumberRegex */ = {
			isa = PBXGroup;
			children = (
				93F62DFC1A433D91003A087A /* AppDelegate.swift */,
				93F62DFE1A433D91003A087A /* Images.xcassets */,
				93F62E001A433D91003A087A /* MainMenu.xib */,
				93F62DFA1A433D91003A087A /* Supporting Files */,
			);
			path = ChinaMobilePhoneNumberRegex;
			sourceTree = "<group>";
		};
		93F62DFA1A433D91003A087A /* Supporting Files */ = {
			isa = PBXGroup;
			children = (
				93F62DFB1A433D91003A087A /* Info.plist */,
			);
			name = "Supporting Files";
			sourceTree = "<group>";
		};
		93F62E0A1A433D91003A087A /* ChinaMobilePhoneNumberRegexTests */ = {
			isa = PBXGroup;
			children = (
				93F62E0D1A433D91003A087A /* ChinaMobilePhoneNumberRegexTests.swift */,
				93F62E0B1A433D91003A087A /* Supporting Files */,
			);
			path = ChinaMobilePhoneNumberRegexTests;
			sourceTree = "<group>";
		};
		93F62E0B1A433D91003A087A /* Supporting Files */ = {
			isa = PBXGroup;
			children = (
				93F62E0C1A433D91003A087A /* Info.plist */,
			);
			name = "Supporting Files";
			sourceTree = "<group>";
		};
/* End PBXGroup section */

/* Begin PBXNativeTarget section */
		93F62DF61A433D91003A087A /* ChinaMobilePhoneNumberRegex */ = {
			isa = PBXNativeTarget;
			buildConfigurationList = 93F62E111A433D91003A087A /* Build configuration list for PBXNativeTarget "ChinaMobilePhoneNumberRegex" */;
			buildPhases = (
				93F62DF31A433D91003A087A /* Sources */,
				93F62DF41A433D91003A087A /* Frameworks */,
				93F62DF51A433D91003A087A /* Resources */,
			);
			buildRules = (
			);
			dependencies = (
			);
			name = ChinaMobilePhoneNumberRegex;
			productName = ChinaMobilePhoneNumberRegex;
			productReference = 93F62DF71A433D91003A087A /* ChinaMobilePhoneNumberRegex.app */;
			productType = "com.apple.product-type.application";
		};
		93F62E061A433D91003A087A /* ChinaMobilePhoneNumberRegexTests */ = {
			isa = PBXNativeTarget;
			buildConfigurationList = 93F62E141A433D91003A087A /* Build configuration list for PBXNativeTarget "ChinaMobilePhoneNumberRegexTests" */;
			buildPhases = (
				93F62E031A433D91003A087A /* Sources */,
				93F62E041A433D91003A087A /* Frameworks */,
				93F62E051A433D91003A087A /* Resources */,
			);
			buildRules = (
			);
			dependencies = (
				93F62E091A433D91003A087A /* PBXTargetDependency */,
			);
			name = ChinaMobilePhoneNumberRegexTests;
			productName = ChinaMobilePhoneNumberRegexTests;
			productReference = 93F62E071A433D91003A087A /* ChinaMobilePhoneNumberRegexTests.xctest */;
			productType = "com.apple.product-type.bundle.unit-test";
		};
/* End PBXNativeTarget section */

/* Begin PBXProject section */
		93F62DEF1A433D91003A087A /* Project object */ = {
			isa = PBXProject;
			attributes = {
				LastUpgradeCheck = 0610;
				ORGANIZATIONNAME = "Vincent Sit";
				TargetAttributes = {
					93F62DF61A433D91003A087A = {
						CreatedOnToolsVersion = 6.1;
					};
					93F62E061A433D91003A087A = {
						CreatedOnToolsVersion = 6.1;
						TestTargetID = 93F62DF61A433D91003A087A;
					};
				};
			};
			buildConfigurationList = 93F62DF21A433D91003A087A /* Build configuration list for PBXProject "ChinaMobilePhoneNumberRegex" */;
			compatibilityVersion = "Xcode 3.2";
			developmentRegion = English;
			hasScannedForEncodings = 0;
			knownRegions = (
				en,
				Base,
			);
			mainGroup = 93F62DEE1A433D91003A087A;
			productRefGroup = 93F62DF81A433D91003A087A /* Products */;
			projectDirPath = "";
			projectRoot = "";
			targets = (
				93F62DF61A433D91003A087A /* ChinaMobilePhoneNumberRegex */,
				93F62E061A433D91003A087A /* ChinaMobilePhoneNumberRegexTests */,
			);
		};
/* End PBXProject section */

/* Begin PBXResourcesBuildPhase section */
		93F62DF51A433D91003A087A /* Resources */ = {
			isa = PBXResourcesBuildPhase;
			buildActionMask = 2147483647;
			files = (
				93F62DFF1A433D91003A087A /* Images.xcassets in Resources */,
				93F62E021A433D91003A087A /* MainMenu.xib in Resources */,
			);
			runOnlyForDeploymentPostprocessing = 0;
		};
		93F62E051A433D91003A087A /* Resources */ = {
			isa = PBXResourcesBuildPhase;
			buildActionMask = 2147483647;
			files = (
			);
			runOnlyForDeploymentPostprocessing = 0;
		};
/* End PBXResourcesBuildPhase section */

/* Begin PBXSourcesBuildPhase section */
		93F62DF31A433D91003A087A /* Sources */ = {
			isa = PBXSourcesBuildPhase;
			buildActionMask = 2147483647;
			files = (
				93F62DFD1A433D91003A087A /* AppDelegate.swift in Sources */,
			);
			runOnlyForDeploymentPostprocessing = 0;
		};
		93F62E031A433D91003A087A /* Sources */ = {
			isa = PBXSourcesBuildPhase;
			buildActionMask = 2147483647;
			files = (
				93F62E0E1A433D91003A087A /* ChinaMobilePhoneNumberRegexTests.swift in Sources */,
			);
			runOnlyForDeploymentPostprocessing = 0;
		};
/* End PBXSourcesBuildPhase section */

/* Begin PBXTargetDependency section */
		93F62E091A433D91003A087A /* PBXTargetDependency */ = {
			isa = PBXTargetDependency;
			target = 93F62DF61A433D91003A087A /* ChinaMobilePhoneNumberRegex */;
			targetProxy = 93F62E081A433D91003A087A /* PBXContainerItemProxy */;
		};
/* End PBXTargetDependency section */

/* Begin PBXVariantGroup section */
		93F62E001A433D91003A087A /* MainMenu.xib */ = {
			isa = PBXVariantGroup;
			children = (
				93F62E011A433D91003A087A /* Base */,
			);
			name = MainMenu.xib;
			sourceTree = "<group>";
		};
/* End PBXVariantGroup section */

/* Begin XCBuildConfiguration section */
		93F62E0F1A433D91003A087A /* Debug */ = {
			isa = XCBuildConfiguration;
			buildSettings = {
				ALWAYS_SEARCH_USER_PATHS = NO;
				CLANG_CXX_LANGUAGE_STANDARD = "gnu++0x";
				CLANG_CXX_LIBRARY = "libc++";
				CLANG_ENABLE_MODULES = YES;
				CLANG_ENABLE_OBJC_ARC = YES;
				CLANG_WARN_BOOL_CONVERSION = YES;
				CLANG_WARN_CONSTANT_CONVERSION = YES;
				CLANG_WARN_DIRECT_OBJC_ISA_USAGE = YES_ERROR;
				CLANG_WARN_EMPTY_BODY = YES;
				CLANG_WARN_ENUM_CONVERSION = YES;
				CLANG_WARN_INT_CONVERSION = YES;
				CLANG_WARN_OBJC_ROOT_CLASS = YES_ERROR;
				CLANG_WARN_UNREACHABLE_CODE = YES;
				CLANG_WARN__DUPLICATE_METHOD_MATCH = YES;
				CODE_SIGN_IDENTITY = "-";
				COPY_PHASE_STRIP = NO;
				ENABLE_STRICT_OBJC_MSGSEND = YES;
				GCC_C_LANGUAGE_STANDARD = gnu99;
				GCC_DYNAMIC_NO_PIC = NO;
				GCC_OPTIMIZATION_LEVEL = 0;
				GCC_PREPROCESSOR_DEFINITIONS = (
					"DEBUG=1",
					"$(inherited)",
				);
				GCC_SYMBOLS_PRIVATE_EXTERN = NO;
				GCC_WARN_64_TO_32_BIT_CONVERSION = YES;
				GCC_WARN_ABOUT_RETURN_TYPE = YES_ERROR;
				GCC_WARN_UNDECLARED_SELECTOR = YES;
				GCC_WARN_UNINITIALIZED_AUTOS = YES_AGGRESSIVE;
				GCC_WARN_UNUSED_FUNCTION = YES;
				GCC_WARN_UNUSED_VARIABLE = YES;
				MACOSX_DEPLOYMENT_TARGET = 10.10;
				MTL_ENABLE_DEBUG_INFO = YES;
				ONLY_ACTIVE_ARCH = YES;
				SDKROOT = macosx;
				SWIFT_OPTIMIZATION_LEVEL = "-Onone";
			};
			name = Debug;
		};
		93F62E101A433D91003A087A /* Release */ = {
			isa = XCBuildConfiguration;
			buildSettings = {
				ALWAYS_SEARCH_USER_PATHS = NO;
				CLANG_CXX_LANGUAGE_STANDARD = "gnu++0x";
				CLANG_CXX_LIBRARY = "libc++";
				CLANG_ENABLE_MODULES = YES;
				CLANG_ENABLE_OBJC_ARC = YES;
				CLANG_WARN_BOOL_CONVERSION = YES;
				CLANG_WARN_CONSTANT_CONVERSION = YES;
				CLANG_WARN_DIRECT_OBJC_ISA_USAGE = YES_ERROR;
				CLANG_WARN_EMPTY_BODY = YES;
				CLANG_WARN_ENUM_CONVERSION = YES;
				CLANG_WARN_INT_CONVERSION = YES;
				CLANG_WARN_OBJC_ROOT_CLASS = YES_ERROR;
				CLANG_WARN_UNREACHABLE_CODE = YES;
				CLANG_WARN__DUPLICATE_METHOD_MATCH = YES;
				CODE_SIGN_IDENTITY = "-";
				COPY_PHASE_STRIP = YES;
				DEBUG_INFORMATION_FORMAT = "dwarf-with-dsym";
				ENABLE_NS_ASSERTIONS = NO;
				ENABLE_STRICT_OBJC_MSGSEND = YES;
				GCC_C_LANGUAGE_STANDARD = gnu99;
				GCC_WARN_64_TO_32_BIT_CONVERSION = YES;
				GCC_WARN_ABOUT_RETURN_TYPE = YES_ERROR;
				GCC_WARN_UNDECLARED_SELECTOR = YES;
				GCC_WARN_UNINITIALIZED_AUTOS = YES_AGGRESSIVE;
				GCC_WARN_UNUSED_FUNCTION = YES;
				GCC_WARN_UNUSED_VARIABLE = YES;
				MACOSX_DEPLOYMENT_TARGET = 10.10;
				MTL_ENABLE_DEBUG_INFO = NO;
				SDKROOT = macosx;
			};
			name = Release;
		};
		93F62E121A433D91003A087A /* Debug */ = {
			isa = XCBuildConfiguration;
			buildSettings = {
				ASSETCATALOG_COMPILER_APPICON_NAME = AppIcon;
				COMBINE_HIDPI_IMAGES = YES;
				INFOPLIST_FILE = ChinaMobilePhoneNumberRegex/Info.plist;
				LD_RUNPATH_SEARCH_PATHS = "$(inherited) @executable_path/../Frameworks";
				PRODUCT_NAME = "$(TARGET_NAME)";
			};
			name = Debug;
		};
		93F62E131A433D91003A087A /* Release */ = {
			isa = XCBuildConfiguration;
			buildSettings = {
				ASSETCATALOG_COMPILER_APPICON_NAME = AppIcon;
				COMBINE_HIDPI_IMAGES = YES;
				INFOPLIST_FILE = ChinaMobilePhoneNumberRegex/Info.plist;
				LD_RUNPATH_SEARCH_PATHS = "$(inherited) @executable_path/../Frameworks";
				PRODUCT_NAME = "$(TARGET_NAME)";
			};
			name = Release;
		};
		93F62E151A433D91003A087A /* Debug */ = {
			isa = XCBuildConfiguration;
			buildSettings = {
				BUNDLE_LOADER = "$(TEST_HOST)";
				COMBINE_HIDPI_IMAGES = YES;
				FRAMEWORK_SEARCH_PATHS = (
					"$(DEVELOPER_FRAMEWORKS_DIR)",
					"$(inherited)",
				);
				GCC_PREPROCESSOR_DEFINITIONS = (
					"DEBUG=1",
					"$(inherited)",
				);
				INFOPLIST_FILE = ChinaMobilePhoneNumberRegexTests/Info.plist;
				LD_RUNPATH_SEARCH_PATHS = "$(inherited) @executable_path/../Frameworks @loader_path/../Frameworks";
				PRODUCT_NAME = "$(TARGET_NAME)";
				TEST_HOST = "$(BUILT_PRODUCTS_DIR)/ChinaMobilePhoneNumberRegex.app/Contents/MacOS/ChinaMobilePhoneNumberRegex";
			};
			name = Debug;
		};
		93F62E161A433D91003A087A /* Release */ = {
			isa = XCBuildConfiguration;
			buildSettings = {
				BUNDLE_LOADER = "$(TEST_HOST)";
				COMBINE_HIDPI_IMAGES = YES;
				FRAMEWORK_SEARCH_PATHS = (
					"$(DEVELOPER_FRAMEWORKS_DIR)",
					"$(inherited)",
				);
				INFOPLIST_FILE = ChinaMobilePhoneNumberRegexTests/Info.plist;
				LD_RUNPATH_SEARCH_PATHS = "$(inherited) @executable_path/../Frameworks @loader_path/../Frameworks";
				PRODUCT_NAME = "$(TARGET_NAME)";
				TEST_HOST = "$(BUILT_PRODUCTS_DIR)/ChinaMobilePhoneNumberRegex.app/Contents/MacOS/ChinaMobilePhoneNumberRegex";
			};
			name = Release;
		};
/* End XCBuildConfiguration section */

/* Begin XCConfigurationList section */
		93F62DF21A433D91003A087A /* Build configuration list for PBXProject "ChinaMobilePhoneNumberRegex" */ = {
			isa = XCConfigurationList;
			buildConfigurations = (
				93F62E0F1A433D91003A087A /* Debug */,
				93F62E101A433D91003A087A /* Release */,
			);
			defaultConfigurationIsVisible = 0;
			defaultConfigurationName = Release;
		};
		93F62E111A433D91003A087A /* Build configuration list for PBXNativeTarget "ChinaMobilePhoneNumberRegex" */ = {
			isa = XCConfigurationList;
			buildConfigurations = (
				93F62E121A433D91003A087A /* Debug */,
				93F62E131A433D91003A087A /* Release */,
			);
			defaultConfigurationIsVisible = 0;
		};
		93F62E141A433D91003A087A /* Build configuration list for PBXNativeTarget "ChinaMobilePhoneNumberRegexTests" */ = {
			isa = XCConfigurationList;
			buildConfigurations = (
				93F62E151A433D91003A087A /* Debug */,
				93F62E161A433D91003A087A /* Release */,
			);
			defaultConfigurationIsVisible = 0;
		};
/* End XCConfigurationList section */
	};
	rootObject = 93F62DEF1A433D91003A087A /* Project object */;
}
